
Microsoft Visual Studio Solution File, Format Version 12.00
# Visual Studio Version 16
VisualStudioVersion = 16.0.30517.126
MinimumVisualStudioVersion = 10.0.40219.1
Project("{FAE04EC0-301F-11D3-BF4B-00C04F79EFBC}") = "poker-monte-carlo", "poker-monte-carlo.csproj", "{56A98756-5302-4BB0-8C12-1D345170F67F}"
EndProject
Global
	GlobalSection(SolutionConfigurationPlatforms) = preSolution
		Debug|Any CPU = Debug|Any CPU
		Release|Any CPU = Release|Any CPU
	EndGlobalSection
	GlobalSection(ProjectConfigurationPlatforms) = postSolution
		{56A98756-5302-4BB0-8C12-1D345170F67F}.Debug|Any CPU.ActiveCfg = Debug|Any CPU
		{56A98756-5302-4BB0-8C12-1D345170F67F}.Debug|Any CPU.Build.0 = Debug|Any CPU
		{56A98756-5302-4BB0-8C12-1D345170F67F}.Release|Any CPU.ActiveCfg = Release|Any CPU
		{56A98756-5302-4BB0-8C12-1D345170F67F}.Release|Any CPU.Build.0 = Release|Any CPU
	EndGlobalSection
	GlobalSection(SolutionProperties) = preSolution
		HideSolutionNode = FALSE
	EndGlobalSection
	GlobalSection(ExtensibilityGlobals) = postSolution
		SolutionGuid = {A4583BC0-1A70-4579-B205-B01C9F50939B}
	EndGlobalSection
EndGlobal
